
Microsoft Visual Studio Solution File, Format Version 12.00
# Visual Studio Version 17
VisualStudioVersion = 17.2.32516.85
MinimumVisualStudioVersion = 10.0.40219.1
Project("{54A90642-561A-4BB1-A94E-469ADEE60C69}") = "TAI", "TAI.esproj", "{4DD1B645-676E-422D-B752-1DC0E2454F5E}"
EndProject
Project("{FAE04EC0-301F-11D3-BF4B-00C04F79EFBC}") = "TAI_api", "..\TAI_api\TAI_api.csproj", "{7E6F3C0F-1A61-4985-A214-829E46DE09F0}"
EndProject
Global
	GlobalSection(SolutionConfigurationPlatforms) = preSolution
		Debug|Any CPU = Debug|Any CPU
		Release|Any CPU = Release|Any CPU
	EndGlobalSection
	GlobalSection(ProjectConfigurationPlatforms) = postSolution
		{4DD1B645-676E-422D-B752-1DC0E2454F5E}.Debug|Any CPU.ActiveCfg = Debug|Any CPU
		{4DD1B645-676E-422D-B752-1DC0E2454F5E}.Debug|Any CPU.Build.0 = Debug|Any CPU
		{4DD1B645-676E-422D-B752-1DC0E2454F5E}.Debug|Any CPU.Deploy.0 = Debug|Any CPU
		{4DD1B645-676E-422D-B752-1DC0E2454F5E}.Release|Any CPU.ActiveCfg = Release|Any CPU
		{4DD1B645-676E-422D-B752-1DC0E2454F5E}.Release|Any CPU.Build.0 = Release|Any CPU
		{4DD1B645-676E-422D-B752-1DC0E2454F5E}.Release|Any CPU.Deploy.0 = Release|Any CPU
		{7E6F3C0F-1A61-4985-A214-829E46DE09F0}.Debug|Any CPU.ActiveCfg = Debug|Any CPU
		{7E6F3C0F-1A61-4985-A214-829E46DE09F0}.Debug|Any CPU.Build.0 = Debug|Any CPU
		{7E6F3C0F-1A61-4985-A214-829E46DE09F0}.Release|Any CPU.ActiveCfg = Release|Any CPU
		{7E6F3C0F-1A61-4985-A214-829E46DE09F0}.Release|Any CPU.Build.0 = Release|Any CPU
	EndGlobalSection
	GlobalSection(SolutionProperties) = preSolution
		HideSolutionNode = FALSE
	EndGlobalSection
	GlobalSection(ExtensibilityGlobals) = postSolution
		SolutionGuid = {052D5ECB-8A35-4335-B299-E7BE2069B856}
	EndGlobalSection
EndGlobal
